
Microsoft Visual Studio Solution File, Format Version 12.00
# Visual Studio Version 17
VisualStudioVersion = 17.14.36811.4
MinimumVisualStudioVersion = 10.0.40219.1
Project("{FAE04EC0-301F-11D3-BF4B-00C04F79EFBC}") = "MiniMarket", "MiniMarket\MiniMarket.csproj", "{9C34EC9B-F205-428A-9A45-58E81F75B31E}"
EndProject
Global
	GlobalSection(SolutionConfigurationPlatforms) = preSolution
		Debug|Any CPU = Debug|Any CPU
		Release|Any CPU = Release|Any CPU
	EndGlobalSection
	GlobalSection(ProjectConfigurationPlatforms) = postSolution
		{9C34EC9B-F205-428A-9A45-58E81F75B31E}.Debug|Any CPU.ActiveCfg = Debug|Any CPU
		{9C34EC9B-F205-428A-9A45-58E81F75B31E}.Debug|Any CPU.Build.0 = Debug|Any CPU
		{9C34EC9B-F205-428A-9A45-58E81F75B31E}.Release|Any CPU.ActiveCfg = Release|Any CPU
		{9C34EC9B-F205-428A-9A45-58E81F75B31E}.Release|Any CPU.Build.0 = Release|Any CPU
	EndGlobalSection
	GlobalSection(SolutionProperties) = preSolution
		HideSolutionNode = FALSE
	EndGlobalSection
	GlobalSection(ExtensibilityGlobals) = postSolution
		SolutionGuid = {465B3F43-FA41-457F-8E20-2FFB0E404F4B}
	EndGlobalSection
EndGlobal
